// !$*UTF8*$!
{
	archiveVersion = 1;
	classes = {
	};
	objectVersion = 55;
	objects = {

/* Begin PBXBuildFile section */
		8A8E1ACE2922C30C007DD120 /* JavaScape_IOS_AppApp.swift in Sources */ = {isa = PBXBuildFile; fileRef = 8A8E1ACD2922C30C007DD120 /* JavaScape_IOS_AppApp.swift */; };
		8A8E1AD02922C30C007DD120 /* ContentView.swift in Sources */ = {isa = PBXBuildFile; fileRef = 8A8E1ACF2922C30C007DD120 /* ContentView.swift */; };
		8A8E1AD22922C314007DD120 /* Assets.xcassets in Resources */ = {isa = PBXBuildFile; fileRef = 8A8E1AD12922C314007DD120 /* Assets.xcassets */; };
		8A8E1AD52922C314007DD120 /* Preview Assets.xcassets in Resources */ = {isa = PBXBuildFile; fileRef = 8A8E1AD42922C314007DD120 /* Preview Assets.xcassets */; };
		8A8E1ADF2922C315007DD120 /* JavaScape_IOS_AppTests.swift in Sources */ = {isa = PBXBuildFile; fileRef = 8A8E1ADE2922C315007DD120 /* JavaScape_IOS_AppTests.swift */; };
		8A8E1AE92922C315007DD120 /* JavaScape_IOS_AppUITests.swift in Sources */ = {isa = PBXBuildFile; fileRef = 8A8E1AE82922C315007DD120 /* JavaScape_IOS_AppUITests.swift */; };
		8A8E1AEB2922C315007DD120 /* JavaScape_IOS_AppUITestsLaunchTests.swift in Sources */ = {isa = PBXBuildFile; fileRef = 8A8E1AEA2922C315007DD120 /* JavaScape_IOS_AppUITestsLaunchTests.swift */; };
/* End PBXBuildFile section */

/* Begin PBXContainerItemProxy section */
		8A8E1ADB2922C315007DD120 /* PBXContainerItemProxy */ = {
			isa = PBXContainerItemProxy;
			containerPortal = 8A8E1AC22922C30B007DD120 /* Project object */;
			proxyType = 1;
			remoteGlobalIDString = 8A8E1AC92922C30C007DD120;
			remoteInfo = "JavaScape IOS App";
		};
		8A8E1AE52922C315007DD120 /* PBXContainerItemProxy */ = {
			isa = PBXContainerItemProxy;
			containerPortal = 8A8E1AC22922C30B007DD120 /* Project object */;
			proxyType = 1;
			remoteGlobalIDString = 8A8E1AC92922C30C007DD120;
			remoteInfo = "JavaScape IOS App";
		};
/* End PBXContainerItemProxy section */

/* Begin PBXFileReference section */
		8A8E1ACA2922C30C007DD120 /* JavaScape IOS App.app */ = {isa = PBXFileReference; explicitFileType = wrapper.application; includeInIndex = 0; path = "JavaScape IOS App.app"; sourceTree = BUILT_PRODUCTS_DIR; };
		8A8E1ACD2922C30C007DD120 /* JavaScape_IOS_AppApp.swift */ = {isa = PBXFileReference; lastKnownFileType = sourcecode.swift; path = JavaScape_IOS_AppApp.swift; sourceTree = "<group>"; };
		8A8E1ACF2922C30C007DD120 /* ContentView.swift */ = {isa = PBXFileReference; lastKnownFileType = sourcecode.swift; path = ContentView.swift; sourceTree = "<group>"; };
		8A8E1AD12922C314007DD120 /* Assets.xcassets */ = {isa = PBXFileReference; lastKnownFileType = folder.assetcatalog; path = Assets.xcassets; sourceTree = "<group>"; };
		8A8E1AD42922C314007DD120 /* Preview Assets.xcassets */ = {isa = PBXFileReference; lastKnownFileType = folder.assetcatalog; path = "Preview Assets.xcassets"; sourceTree = "<group>"; };
		8A8E1ADA2922C315007DD120 /* JavaScape IOS AppTests.xctest */ = {isa = PBXFileReference; explicitFileType = wrapper.cfbundle; includeInIndex = 0; path = "JavaScape IOS AppTests.xctest"; sourceTree = BUILT_PRODUCTS_DIR; };
		8A8E1ADE2922C315007DD120 /* JavaScape_IOS_AppTests.swift */ = {isa = PBXFileReference; lastKnownFileType = sourcecode.swift; path = JavaScape_IOS_AppTests.swift; sourceTree = "<group>"; };
		8A8E1AE42922C315007DD120 /* JavaScape IOS AppUITests.xctest */ = {isa = PBXFileReference; explicitFileType = wrapper.cfbundle; includeInIndex = 0; path = "JavaScape IOS AppUITests.xctest"; sourceTree = BUILT_PRODUCTS_DIR; };
		8A8E1AE82922C315007DD120 /* JavaScape_IOS_AppUITests.swift */ = {isa = PBXFileReference; lastKnownFileType = sourcecode.swift; path = JavaScape_IOS_AppUITests.swift; sourceTree = "<group>"; };
		8A8E1AEA2922C315007DD120 /* JavaScape_IOS_AppUITestsLaunchTests.swift */ = {isa = PBXFileReference; lastKnownFileType = sourcecode.swift; path = JavaScape_IOS_AppUITestsLaunchTests.swift; sourceTree = "<group>"; };
/* End PBXFileReference section */

/* Begin PBXFrameworksBuildPhase section */
		8A8E1AC72922C30C007DD120 /* Frameworks */ = {
			isa = PBXFrameworksBuildPhase;
			buildActionMask = 2147483647;
			files = (
			);
			runOnlyForDeploymentPostprocessing = 0;
		};
		8A8E1AD72922C315007DD120 /* Frameworks */ = {
			isa = PBXFrameworksBuildPhase;
			buildActionMask = 2147483647;
			files = (
			);
			runOnlyForDeploymentPostprocessing = 0;
		};
		8A8E1AE12922C315007DD120 /* Frameworks */ = {
			isa = PBXFrameworksBuildPhase;
			buildActionMask = 2147483647;
			files = (
			);
			runOnlyForDeploymentPostprocessing = 0;
		};
/* End PBXFrameworksBuildPhase section */

/* Begin PBXGroup section */
		8A8E1AC12922C30B007DD120 = {
			isa = PBXGroup;
			children = (
				8A8E1ACC2922C30C007DD120 /* JavaScape IOS App */,
				8A8E1ADD2922C315007DD120 /* JavaScape IOS AppTests */,
				8A8E1AE72922C315007DD120 /* JavaScape IOS AppUITests */,
				8A8E1ACB2922C30C007DD120 /* Products */,
			);
			sourceTree = "<group>";
		};
		8A8E1ACB2922C30C007DD120 /* Products */ = {
			isa = PBXGroup;
			children = (
				8A8E1ACA2922C30C007DD120 /* JavaScape IOS App.app */,
				8A8E1ADA2922C315007DD120 /* JavaScape IOS AppTests.xctest */,
				8A8E1AE42922C315007DD120 /* JavaScape IOS AppUITests.xctest */,
			);
			name = Products;
			sourceTree = "<group>";
		};
		8A8E1ACC2922C30C007DD120 /* JavaScape IOS App */ = {
			isa = PBXGroup;
			children = (
				8A8E1ACD2922C30C007DD120 /* JavaScape_IOS_AppApp.swift */,
				8A8E1ACF2922C30C007DD120 /* ContentView.swift */,
				8A8E1AD12922C314007DD120 /* Assets.xcassets */,
				8A8E1AD32922C314007DD120 /* Preview Content */,
			);
			path = "JavaScape IOS App";
			sourceTree = "<group>";
		};
		8A8E1AD32922C314007DD120 /* Preview Content */ = {
			isa = PBXGroup;
			children = (
				8A8E1AD42922C314007DD120 /* Preview Assets.xcassets */,
			);
			path = "Preview Content";
			sourceTree = "<group>";
		};
		8A8E1ADD2922C315007DD120 /* JavaScape IOS AppTests */ = {
			isa = PBXGroup;
			children = (
				8A8E1ADE2922C315007DD120 /* JavaScape_IOS_AppTests.swift */,
			);
			path = "JavaScape IOS AppTests";
			sourceTree = "<group>";
		};
		8A8E1AE72922C315007DD120 /* JavaScape IOS AppUITests */ = {
			isa = PBXGroup;
			children = (
				8A8E1AE82922C315007DD120 /* JavaScape_IOS_AppUITests.swift */,
				8A8E1AEA2922C315007DD120 /* JavaScape_IOS_AppUITestsLaunchTests.swift */,
			);
			path = "JavaScape IOS AppUITests";
			sourceTree = "<group>";
		};
/* End PBXGroup section */

/* Begin PBXNativeTarget section */
		8A8E1AC92922C30C007DD120 /* JavaScape IOS App */ = {
			isa = PBXNativeTarget;
			buildConfigurationList = 8A8E1AEE2922C315007DD120 /* Build configuration list for PBXNativeTarget "JavaScape IOS App" */;
			buildPhases = (
				8A8E1AC62922C30C007DD120 /* Sources */,
				8A8E1AC72922C30C007DD120 /* Frameworks */,
				8A8E1AC82922C30C007DD120 /* Resources */,
			);
			buildRules = (
			);
			dependencies = (
			);
			name = "JavaScape IOS App";
			productName = "JavaScape IOS App";
			productReference = 8A8E1ACA2922C30C007DD120 /* JavaScape IOS App.app */;
			productType = "com.apple.product-type.application";
		};
		8A8E1AD92922C315007DD120 /* JavaScape IOS AppTests */ = {
			isa = PBXNativeTarget;
			buildConfigurationList = 8A8E1AF12922C315007DD120 /* Build configuration list for PBXNativeTarget "JavaScape IOS AppTests" */;
			buildPhases = (
				8A8E1AD62922C315007DD120 /* Sources */,
				8A8E1AD72922C315007DD120 /* Frameworks */,
				8A8E1AD82922C315007DD120 /* Resources */,
			);
			buildRules = (
			);
			dependencies = (
				8A8E1ADC2922C315007DD120 /* PBXTargetDependency */,
			);
			name = "JavaScape IOS AppTests";
			productName = "JavaScape IOS AppTests";
			productReference = 8A8E1ADA2922C315007DD120 /* JavaScape IOS AppTests.xctest */;
			productType = "com.apple.product-type.bundle.unit-test";
		};
		8A8E1AE32922C315007DD120 /* JavaScape IOS AppUITests */ = {
			isa = PBXNativeTarget;
			buildConfigurationList = 8A8E1AF42922C315007DD120 /* Build configuration list for PBXNativeTarget "JavaScape IOS AppUITests" */;
			buildPhases = (
				8A8E1AE02922C315007DD120 /* Sources */,
				8A8E1AE12922C315007DD120 /* Frameworks */,
				8A8E1AE22922C315007DD120 /* Resources */,
			);
			buildRules = (
			);
			dependencies = (
				8A8E1AE62922C315007DD120 /* PBXTargetDependency */,
			);
			name = "JavaScape IOS AppUITests";
			productName = "JavaScape IOS AppUITests";
			productReference = 8A8E1AE42922C315007DD120 /* JavaScape IOS AppUITests.xctest */;
			productType = "com.apple.product-type.bundle.ui-testing";
		};
/* End PBXNativeTarget section */

/* Begin PBXProject section */
		8A8E1AC22922C30B007DD120 /* Project object */ = {
			isa = PBXProject;
			attributes = {
				BuildIndependentTargetsInParallel = 1;
				LastSwiftUpdateCheck = 1340;
				LastUpgradeCheck = 1340;
				TargetAttributes = {
					8A8E1AC92922C30C007DD120 = {
						CreatedOnToolsVersion = 13.4.1;
					};
					8A8E1AD92922C315007DD120 = {
						CreatedOnToolsVersion = 13.4.1;
						TestTargetID = 8A8E1AC92922C30C007DD120;
					};
					8A8E1AE32922C315007DD120 = {
						CreatedOnToolsVersion = 13.4.1;
						TestTargetID = 8A8E1AC92922C30C007DD120;
					};
				};
			};
			buildConfigurationList = 8A8E1AC52922C30B007DD120 /* Build configuration list for PBXProject "JavaScape IOS App" */;
			compatibilityVersion = "Xcode 13.0";
			developmentRegion = en;
			hasScannedForEncodings = 0;
			knownRegions = (
				en,
				Base,
			);
			mainGroup = 8A8E1AC12922C30B007DD120;
			productRefGroup = 8A8E1ACB2922C30C007DD120 /* Products */;
			projectDirPath = "";
			projectRoot = "";
			targets = (
				8A8E1AC92922C30C007DD120 /* JavaScape IOS App */,
				8A8E1AD92922C315007DD120 /* JavaScape IOS AppTests */,
				8A8E1AE32922C315007DD120 /* JavaScape IOS AppUITests */,
			);
		};
/* End PBXProject section */

/* Begin PBXResourcesBuildPhase section */
		8A8E1AC82922C30C007DD120 /* Resources */ = {
			isa = PBXResourcesBuildPhase;
			buildActionMask = 2147483647;
			files = (
				8A8E1AD52922C314007DD120 /* Preview Assets.xcassets in Resources */,
				8A8E1AD22922C314007DD120 /* Assets.xcassets in Resources */,
			);
			runOnlyForDeploymentPostprocessing = 0;
		};
		8A8E1AD82922C315007DD120 /* Resources */ = {
			isa = PBXResourcesBuildPhase;
			buildActionMask = 2147483647;
			files = (
			);
			runOnlyForDeploymentPostprocessing = 0;
		};
		8A8E1AE22922C315007DD120 /* Resources */ = {
			isa = PBXResourcesBuildPhase;
			buildActionMask = 2147483647;
			files = (
			);
			runOnlyForDeploymentPostprocessing = 0;
		};
/* End PBXResourcesBuildPhase section */

/* Begin PBXSourcesBuildPhase section */
		8A8E1AC62922C30C007DD120 /* Sources */ = {
			isa = PBXSourcesBuildPhase;
			buildActionMask = 2147483647;
			files = (
				8A8E1AD02922C30C007DD120 /* ContentView.swift in Sources */,
				8A8E1ACE2922C30C007DD120 /* JavaScape_IOS_AppApp.swift in Sources */,
			);
			runOnlyForDeploymentPostprocessing = 0;
		};
		8A8E1AD62922C315007DD120 /* Sources */ = {
			isa = PBXSourcesBuildPhase;
			buildActionMask = 2147483647;
			files = (
				8A8E1ADF2922C315007DD120 /* JavaScape_IOS_AppTests.swift in Sources */,
			);
			runOnlyForDeploymentPostprocessing = 0;
		};
		8A8E1AE02922C315007DD120 /* Sources */ = {
			isa = PBXSourcesBuildPhase;
			buildActionMask = 2147483647;
			files = (
				8A8E1AE92922C315007DD120 /* JavaScape_IOS_AppUITests.swift in Sources */,
				8A8E1AEB2922C315007DD120 /* JavaScape_IOS_AppUITestsLaunchTests.swift in Sources */,
			);
			runOnlyForDeploymentPostprocessing = 0;
		};
/* End PBXSourcesBuildPhase section */

/* Begin PBXTargetDependency section */
		8A8E1ADC2922C315007DD120 /* PBXTargetDependency */ = {
			isa = PBXTargetDependency;
			target = 8A8E1AC92922C30C007DD120 /* JavaScape IOS App */;
			targetProxy = 8A8E1ADB2922C315007DD120 /* PBXContainerItemProxy */;
		};
		8A8E1AE62922C315007DD120 /* PBXTargetDependency */ = {
			isa = PBXTargetDependency;
			target = 8A8E1AC92922C30C007DD120 /* JavaScape IOS App */;
			targetProxy = 8A8E1AE52922C315007DD120 /* PBXContainerItemProxy */;
		};
/* End PBXTargetDependency section */

/* Begin XCBuildConfiguration section */
		8A8E1AEC2922C315007DD120 /* Debug */ = {
			isa = XCBuildConfiguration;
			buildSettings = {
				ALWAYS_SEARCH_USER_PATHS = NO;
				CLANG_ANALYZER_NONNULL = YES;
				CLANG_ANALYZER_NUMBER_OBJECT_CONVERSION = YES_AGGRESSIVE;
				CLANG_CXX_LANGUAGE_STANDARD = "gnu++17";
				CLANG_ENABLE_MODULES = YES;
				CLANG_ENABLE_OBJC_ARC = YES;
				CLANG_ENABLE_OBJC_WEAK = YES;
				CLANG_WARN_BLOCK_CAPTURE_AUTORELEASING = YES;
				CLANG_WARN_BOOL_CONVERSION = YES;
				CLANG_WARN_COMMA = YES;
				CLANG_WARN_CONSTANT_CONVERSION = YES;
				CLANG_WARN_DEPRECATED_OBJC_IMPLEMENTATIONS = YES;
				CLANG_WARN_DIRECT_OBJC_ISA_USAGE = YES_ERROR;
				CLANG_WARN_DOCUMENTATION_COMMENTS = YES;
				CLANG_WARN_EMPTY_BODY = YES;
				CLANG_WARN_ENUM_CONVERSION = YES;
				CLANG_WARN_INFINITE_RECURSION = YES;
				CLANG_WARN_INT_CONVERSION = YES;
				CLANG_WARN_NON_LITERAL_NULL_CONVERSION = YES;
				CLANG_WARN_OBJC_IMPLICIT_RETAIN_SELF = YES;
				CLANG_WARN_OBJC_LITERAL_CONVERSION = YES;
				CLANG_WARN_OBJC_ROOT_CLASS = YES_ERROR;
				CLANG_WARN_QUOTED_INCLUDE_IN_FRAMEWORK_HEADER = YES;
				CLANG_WARN_RANGE_LOOP_ANALYSIS = YES;
				CLANG_WARN_STRICT_PROTOTYPES = YES;
				CLANG_WARN_SUSPICIOUS_MOVE = YES;
				CLANG_WARN_UNGUARDED_AVAILABILITY = YES_AGGRESSIVE;
				CLANG_WARN_UNREACHABLE_CODE = YES;
				CLANG_WARN__DUPLICATE_METHOD_MATCH = YES;
				COPY_PHASE_STRIP = NO;
				DEBUG_INFORMATION_FORMAT = dwarf;
				ENABLE_STRICT_OBJC_MSGSEND = YES;
				ENABLE_TESTABILITY = YES;
				GCC_C_LANGUAGE_STANDARD = gnu11;
				GCC_DYNAMIC_NO_PIC = NO;
				GCC_NO_COMMON_BLOCKS = YES;
				GCC_OPTIMIZATION_LEVEL = 0;
				GCC_PREPROCESSOR_DEFINITIONS = (
					"DEBUG=1",
					"$(inherited)",
				);
				GCC_WARN_64_TO_32_BIT_CONVERSION = YES;
				GCC_WARN_ABOUT_RETURN_TYPE = YES_ERROR;
				GCC_WARN_UNDECLARED_SELECTOR = YES;
				GCC_WARN_UNINITIALIZED_AUTOS = YES_AGGRESSIVE;
				GCC_WARN_UNUSED_FUNCTION = YES;
				GCC_WARN_UNUSED_VARIABLE = YES;
				IPHONEOS_DEPLOYMENT_TARGET = 15.5;
				MTL_ENABLE_DEBUG_INFO = INCLUDE_SOURCE;
				MTL_FAST_MATH = YES;
				ONLY_ACTIVE_ARCH = YES;
				SDKROOT = iphoneos;
				SWIFT_ACTIVE_COMPILATION_CONDITIONS = DEBUG;
				SWIFT_OPTIMIZATION_LEVEL = "-Onone";
			};
			name = Debug;
		};
		8A8E1AED2922C315007DD120 /* Release */ = {
			isa = XCBuildConfiguration;
			buildSettings = {
				ALWAYS_SEARCH_USER_PATHS = NO;
				CLANG_ANALYZER_NONNULL = YES;
				CLANG_ANALYZER_NUMBER_OBJECT_CONVERSION = YES_AGGRESSIVE;
				CLANG_CXX_LANGUAGE_STANDARD = "gnu++17";
				CLANG_ENABLE_MODULES = YES;
				CLANG_ENABLE_OBJC_ARC = YES;
				CLANG_ENABLE_OBJC_WEAK = YES;
				CLANG_WARN_BLOCK_CAPTURE_AUTORELEASING = YES;
				CLANG_WARN_BOOL_CONVERSION = YES;
				CLANG_WARN_COMMA = YES;
				CLANG_WARN_CONSTANT_CONVERSION = YES;
				CLANG_WARN_DEPRECATED_OBJC_IMPLEMENTATIONS = YES;
				CLANG_WARN_DIRECT_OBJC_ISA_USAGE = YES_ERROR;
				CLANG_WARN_DOCUMENTATION_COMMENTS = YES;
				CLANG_WARN_EMPTY_BODY = YES;
				CLANG_WARN_ENUM_CONVERSION = YES;
				CLANG_WARN_INFINITE_RECURSION = YES;
				CLANG_WARN_INT_CONVERSION = YES;
				CLANG_WARN_NON_LITERAL_NULL_CONVERSION = YES;
				CLANG_WARN_OBJC_IMPLICIT_RETAIN_SELF = YES;
				CLANG_WARN_OBJC_LITERAL_CONVERSION = YES;
				CLANG_WARN_OBJC_ROOT_CLASS = YES_ERROR;
				CLANG_WARN_QUOTED_INCLUDE_IN_FRAMEWORK_HEADER = YES;
				CLANG_WARN_RANGE_LOOP_ANALYSIS = YES;
				CLANG_WARN_STRICT_PROTOTYPES = YES;
				CLANG_WARN_SUSPICIOUS_MOVE = YES;
				CLANG_WARN_UNGUARDED_AVAILABILITY = YES_AGGRESSIVE;
				CLANG_WARN_UNREACHABLE_CODE = YES;
				CLANG_WARN__DUPLICATE_METHOD_MATCH = YES;
				COPY_PHASE_STRIP = NO;
				DEBUG_INFORMATION_FORMAT = "dwarf-with-dsym";
				ENABLE_NS_ASSERTIONS = NO;
				ENABLE_STRICT_OBJC_MSGSEND = YES;
				GCC_C_LANGUAGE_STANDARD = gnu11;
				GCC_NO_COMMON_BLOCKS = YES;
				GCC_WARN_64_TO_32_BIT_CONVERSION = YES;
				GCC_WARN_ABOUT_RETURN_TYPE = YES_ERROR;
				GCC_WARN_UNDECLARED_SELECTOR = YES;
				GCC_WARN_UNINITIALIZED_AUTOS = YES_AGGRESSIVE;
				GCC_WARN_UNUSED_FUNCTION = YES;
				GCC_WARN_UNUSED_VARIABLE = YES;
				IPHONEOS_DEPLOYMENT_TARGET = 15.5;
				MTL_ENABLE_DEBUG_INFO = NO;
				MTL_FAST_MATH = YES;
				SDKROOT = iphoneos;
				SWIFT_COMPILATION_MODE = wholemodule;
				SWIFT_OPTIMIZATION_LEVEL = "-O";
				VALIDATE_PRODUCT = YES;
			};
			name = Release;
		};
		8A8E1AEF2922C315007DD120 /* Debug */ = {
			isa = XCBuildConfiguration;
			buildSettings = {
				ASSETCATALOG_COMPILER_APPICON_NAME = AppIcon;
				ASSETCATALOG_COMPILER_GLOBAL_ACCENT_COLOR_NAME = AccentColor;
				CODE_SIGN_STYLE = Automatic;
				CURRENT_PROJECT_VERSION = 1;
				DEVELOPMENT_ASSET_PATHS = "\"JavaScape IOS App/Preview Content\"";
				DEVELOPMENT_TEAM = SM4R644G6F;
				ENABLE_PREVIEWS = YES;
				GENERATE_INFOPLIST_FILE = YES;
				INFOPLIST_KEY_UIApplicationSceneManifest_Generation = YES;
				INFOPLIST_KEY_UIApplicationSupportsIndirectInputEvents = YES;
				INFOPLIST_KEY_UILaunchScreen_Generation = YES;
				INFOPLIST_KEY_UISupportedInterfaceOrientations_iPad = "UIInterfaceOrientationPortrait UIInterfaceOrientationPortraitUpsideDown UIInterfaceOrientationLandscapeLeft UIInterfaceOrientationLandscapeRight";
				INFOPLIST_KEY_UISupportedInterfaceOrientations_iPhone = "UIInterfaceOrientationPortrait UIInterfaceOrientationLandscapeLeft UIInterfaceOrientationLandscapeRight";
				LD_RUNPATH_SEARCH_PATHS = (
					"$(inherited)",
					"@executable_path/Frameworks",
				);
				MARKETING_VERSION = 1.0;
				PRODUCT_BUNDLE_IDENTIFIER = "XPGrinderStudios.JavaScape-IOS-App";
				PRODUCT_NAME = "$(TARGET_NAME)";
				SWIFT_EMIT_LOC_STRINGS = YES;
				SWIFT_VERSION = 5.0;
				TARGETED_DEVICE_FAMILY = "1,2";
			};
			name = Debug;
		};
		8A8E1AF02922C315007DD120 /* Release */ = {
			isa = XCBuildConfiguration;
			buildSettings = {
				ASSETCATALOG_COMPILER_APPICON_NAME = AppIcon;
				ASSETCATALOG_COMPILER_GLOBAL_ACCENT_COLOR_NAME = AccentColor;
				CODE_SIGN_STYLE = Automatic;
				CURRENT_PROJECT_VERSION = 1;
				DEVELOPMENT_ASSET_PATHS = "\"JavaScape IOS App/Preview Content\"";
				DEVELOPMENT_TEAM = SM4R644G6F;
				ENABLE_PREVIEWS = YES;
				GENERATE_INFOPLIST_FILE = YES;
				INFOPLIST_KEY_UIApplicationSceneManifest_Generation = YES;
				INFOPLIST_KEY_UIApplicationSupportsIndirectInputEvents = YES;
				INFOPLIST_KEY_UILaunchScreen_Generation = YES;
				INFOPLIST_KEY_UISupportedInterfaceOrientations_iPad = "UIInterfaceOrientationPortrait UIInterfaceOrientationPortraitUpsideDown UIInterfaceOrientationLandscapeLeft UIInterfaceOrientationLandscapeRight";
				INFOPLIST_KEY_UISupportedInterfaceOrientations_iPhone = "UIInterfaceOrientationPortrait UIInterfaceOrientationLandscapeLeft UIInterfaceOrientationLandscapeRight";
				LD_RUNPATH_SEARCH_PATHS = (
					"$(inherited)",
					"@executable_path/Frameworks",
				);
				MARKETING_VERSION = 1.0;
				PRODUCT_BUNDLE_IDENTIFIER = "XPGrinderStudios.JavaScape-IOS-App";
				PRODUCT_NAME = "$(TARGET_NAME)";
				SWIFT_EMIT_LOC_STRINGS = YES;
				SWIFT_VERSION = 5.0;
				TARGETED_DEVICE_FAMILY = "1,2";
			};
			name = Release;
		};
		8A8E1AF22922C315007DD120 /* Debug */ = {
			isa = XCBuildConfiguration;
			buildSettings = {
				ALWAYS_EMBED_SWIFT_STANDARD_LIBRARIES = YES;
				BUNDLE_LOADER = "$(TEST_HOST)";
				CODE_SIGN_STYLE = Automatic;
				CURRENT_PROJECT_VERSION = 1;
				DEVELOPMENT_TEAM = SM4R644G6F;
				GENERATE_INFOPLIST_FILE = YES;
				IPHONEOS_DEPLOYMENT_TARGET = 15.5;
				MARKETING_VERSION = 1.0;
				PRODUCT_BUNDLE_IDENTIFIER = "XPGrinderStudios.JavaScape-IOS-AppTests";
				PRODUCT_NAME = "$(TARGET_NAME)";
				SWIFT_EMIT_LOC_STRINGS = NO;
				SWIFT_VERSION = 5.0;
				TARGETED_DEVICE_FAMILY = "1,2";
				TEST_HOST = "$(BUILT_PRODUCTS_DIR)/JavaScape IOS App.app/JavaScape IOS App";
			};
			name = Debug;
		};
		8A8E1AF32922C315007DD120 /* Release */ = {
			isa = XCBuildConfiguration;
			buildSettings = {
				ALWAYS_EMBED_SWIFT_STANDARD_LIBRARIES = YES;
				BUNDLE_LOADER = "$(TEST_HOST)";
				CODE_SIGN_STYLE = Automatic;
				CURRENT_PROJECT_VERSION = 1;
				DEVELOPMENT_TEAM = SM4R644G6F;
				GENERATE_INFOPLIST_FILE = YES;
				IPHONEOS_DEPLOYMENT_TARGET = 15.5;
				MARKETING_VERSION = 1.0;
				PRODUCT_BUNDLE_IDENTIFIER = "XPGrinderStudios.JavaScape-IOS-AppTests";
				PRODUCT_NAME = "$(TARGET_NAME)";
				SWIFT_EMIT_LOC_STRINGS = NO;
				SWIFT_VERSION = 5.0;
				TARGETED_DEVICE_FAMILY = "1,2";
				TEST_HOST = "$(BUILT_PRODUCTS_DIR)/JavaScape IOS App.app/JavaScape IOS App";
			};
			name = Release;
		};
		8A8E1AF52922C315007DD120 /* Debug */ = {
			isa = XCBuildConfiguration;
			buildSettings = {
				ALWAYS_EMBED_SWIFT_STANDARD_LIBRARIES = YES;
				CODE_SIGN_STYLE = Automatic;
				CURRENT_PROJECT_VERSION = 1;
				DEVELOPMENT_TEAM = SM4R644G6F;
				GENERATE_INFOPLIST_FILE = YES;
				MARKETING_VERSION = 1.0;
				PRODUCT_BUNDLE_IDENTIFIER = "XPGrinderStudios.JavaScape-IOS-AppUITests";
				PRODUCT_NAME = "$(TARGET_NAME)";
				SWIFT_EMIT_LOC_STRINGS = NO;
				SWIFT_VERSION = 5.0;
				TARGETED_DEVICE_FAMILY = "1,2";
				TEST_TARGET_NAME = "JavaScape IOS App";
			};
			name = Debug;
		};
		8A8E1AF62922C315007DD120 /* Release */ = {
			isa = XCBuildConfiguration;
			buildSettings = {
				ALWAYS_EMBED_SWIFT_STANDARD_LIBRARIES = YES;
				CODE_SIGN_STYLE = Automatic;
				CURRENT_PROJECT_VERSION = 1;
				DEVELOPMENT_TEAM = SM4R644G6F;
				GENERATE_INFOPLIST_FILE = YES;
				MARKETING_VERSION = 1.0;
				PRODUCT_BUNDLE_IDENTIFIER = "XPGrinderStudios.JavaScape-IOS-AppUITests";
				PRODUCT_NAME = "$(TARGET_NAME)";
				SWIFT_EMIT_LOC_STRINGS = NO;
				SWIFT_VERSION = 5.0;
				TARGETED_DEVICE_FAMILY = "1,2";
				TEST_TARGET_NAME = "JavaScape IOS App";
			};
			name = Release;
		};
/* End XCBuildConfiguration section */

/* Begin XCConfigurationList section */
		8A8E1AC52922C30B007DD120 /* Build configuration list for PBXProject "JavaScape IOS App" */ = {
			isa = XCConfigurationList;
			buildConfigurations = (
				8A8E1AEC2922C315007DD120 /* Debug */,
				8A8E1AED2922C315007DD120 /* Release */,
			);
			defaultConfigurationIsVisible = 0;
			defaultConfigurationName = Release;
		};
		8A8E1AEE2922C315007DD120 /* Build configuration list for PBXNativeTarget "JavaScape IOS App" */ = {
			isa = XCConfigurationList;
			buildConfigurations = (
				8A8E1AEF2922C315007DD120 /* Debug */,
				8A8E1AF02922C315007DD120 /* Release */,
			);
			defaultConfigurationIsVisible = 0;
			defaultConfigurationName = Release;
		};
		8A8E1AF12922C315007DD120 /* Build configuration list for PBXNativeTarget "JavaScape IOS AppTests" */ = {
			isa = XCConfigurationList;
			buildConfigurations = (
				8A8E1AF22922C315007DD120 /* Debug */,
				8A8E1AF32922C315007DD120 /* Release */,
			);
			defaultConfigurationIsVisible = 0;
			defaultConfigurationName = Release;
		};
		8A8E1AF42922C315007DD120 /* Build configuration list for PBXNativeTarget "JavaScape IOS AppUITests" */ = {
			isa = XCConfigurationList;
			buildConfigurations = (
				8A8E1AF52922C315007DD120 /* Debug */,
				8A8E1AF62922C315007DD120 /* Release */,
			);
			defaultConfigurationIsVisible = 0;
			defaultConfigurationName = Release;
		};
/* End XCConfigurationList section */
	};
	rootObject = 8A8E1AC22922C30B007DD120 /* Project object */;
}
